# This file is automatically @generated by Poetry 2.1.4 and should not be changed by hand.

[[package]]
name = "click"
version = "8.2.1"
description = "Composable command line interface toolkit"
optional = false
python-versions = ">=3.10"
groups = ["main"]
files = [
    {file = "click-8.2.1-py3-none-any.whl", hash = "sha256:61a3265b914e850b85317d0b3109c7f8cd35a670f963866005d6ef1d5175a12b"},
    {file = "click-8.2.1.tar.gz", hash = "sha256:27c491cc05d968d271d5a1db13e3b5a184636d9d930f148c50b038f0d0646202"},
]

[package.dependencies]
colorama = {version = "*", markers = "platform_system == \"Windows\""}

[[package]]
name = "colorama"
version = "0.4.6"
description = "Cross-platform colored terminal text."
optional = false
python-versions = "!=3.0.*,!=3.1.*,!=3.2.*,!=3.3.*,!=3.4.*,!=3.5.*,!=3.6.*,>=2.7"
groups = ["main"]
markers = "platform_system == \"Windows\""
files = [
    {file = "colorama-0.4.6-py2.py3-none-any.whl", hash = "sha256:4f1d9991f5acc0ca119f9d443620b77f9d6b33703e51011c16baf57afb285fc6"},
    {file = "colorama-0.4.6.tar.gz", hash = "sha256:08695f5cb7ed6e0531a20572697297273c47b8cae5a63ffc6d6ed5c201be6e44"},
]

[[package]]
name = "ifaddr"
version = "0.2.0"
description = "Cross-platform network interface and IP address enumeration library"
optional = false
python-versions = "*"
groups = ["main"]
files = [
    {file = "ifaddr-0.2.0-py3-none-any.whl", hash = "sha256:085e0305cfe6f16ab12d72e2024030f5d52674afad6911bb1eee207177b8a748"},
    {file = "ifaddr-0.2.0.tar.gz", hash = "sha256:cc0cbfcaabf765d44595825fb96a99bb12c79716b73b44330ea38ee2b0c4aed4"},
]

[[package]]
name = "markdown-it-py"
version = "4.0.0"
description = "Python port of markdown-it. Markdown parsing, done right!"
optional = false
python-versions = ">=3.10"
groups = ["main"]
files = [
    {file = "markdown_it_py-4.0.0-py3-none-any.whl", hash = "sha256:87327c59b172c5011896038353a81343b6754500a08cd7a4973bb48c6d578147"},
    {file = "markdown_it_py-4.0.0.tar.gz", hash = "sha256:cb0a2b4aa34f932c007117b194e945bd74e0ec24133ceb5bac59009cda1cb9f3"},
]

[package.dependencies]
mdurl = ">=0.1,<1.0"

[package.extras]
benchmarking = ["psutil", "pytest", "pytest-benchmark"]
compare = ["commonmark (>=0.9,<1.0)", "markdown (>=3.4,<4.0)", "markdown-it-pyrs", "mistletoe (>=1.0,<2.0)", "mistune (>=3.0,<4.0)", "panflute (>=2.3,<3.0)"]
linkify = ["linkify-it-py (>=1,<3)"]
plugins = ["mdit-py-plugins (>=0.5.0)"]
profiling = ["gprof2dot"]
rtd = ["ipykernel", "jupyter_sphinx", "mdit-py-plugins (>=0.5.0)", "myst-parser", "pyyaml", "sphinx", "sphinx-book-theme (>=1.0,<2.0)", "sphinx-copybutton", "sphinx-design"]
testing = ["coverage", "pytest", "pytest-cov", "pytest-regressions", "requests"]

[[package]]
name = "mdurl"
version = "0.1.2"
description = "Markdown URL utilities"
optional = false
python-versions = ">=3.7"
groups = ["main"]
files = [
    {file = "mdurl-0.1.2-py3-none-any.whl", hash = "sha256:84008a41e51615a49fc9966191ff91509e3c40b939176e643fd50a5c2196b8f8"},
    {file = "mdurl-0.1.2.tar.gz", hash = "sha256:bb413d29f5eea38f31dd4754dd7377d4465116fb207585f97bf925588687c1ba"},
]

[[package]]
name = "psutil"
version = "7.0.0"
description = "Cross-platform lib for process and system monitoring in Python.  NOTE: the syntax of this script MUST be kept compatible with Python 2.7."
optional = false
python-versions = ">=3.6"
groups = ["main"]
files = [
    {file = "psutil-7.0.0-cp36-abi3-macosx_10_9_x86_64.whl", hash = "sha256:101d71dc322e3cffd7cea0650b09b3d08b8e7c4109dd6809fe452dfd00e58b25"},
    {file = "psutil-7.0.0-cp36-abi3-macosx_11_0_arm64.whl", hash = "sha256:39db632f6bb862eeccf56660871433e111b6ea58f2caea825571951d4b6aa3da"},
    {file = "psutil-7.0.0-cp36-abi3-manylinux_2_12_i686.manylinux2010_i686.manylinux_2_17_i686.manylinux2014_i686.whl", hash = "sha256:1fcee592b4c6f146991ca55919ea3d1f8926497a713ed7faaf8225e174581e91"},
    {file = "psutil-7.0.0-cp36-abi3-manylinux_2_12_x86_64.manylinux2010_x86_64.manylinux_2_17_x86_64.manylinux2014_x86_64.whl", hash = "sha256:4b1388a4f6875d7e2aff5c4ca1cc16c545ed41dd8bb596cefea80111db353a34"},
    {file = "psutil-7.0.0-cp36-abi3-manylinux_2_17_aarch64.manylinux2014_aarch64.whl", hash = "sha256:a5f098451abc2828f7dc6b58d44b532b22f2088f4999a937557b603ce72b1993"},
    {file = "psutil-7.0.0-cp36-cp36m-win32.whl", hash = "sha256:84df4eb63e16849689f76b1ffcb36db7b8de703d1bc1fe41773db487621b6c17"},
    {file = "psutil-7.0.0-cp36-cp36m-win_amd64.whl", hash = "sha256:1e744154a6580bc968a0195fd25e80432d3afec619daf145b9e5ba16cc1d688e"},
    {file = "psutil-7.0.0-cp37-abi3-win32.whl", hash = "sha256:ba3fcef7523064a6c9da440fc4d6bd07da93ac726b5733c29027d7dc95b39d99"},
    {file = "psutil-7.0.0-cp37-abi3-win_amd64.whl", hash = "sha256:4cf3d4eb1aa9b348dec30105c55cd9b7d4629285735a102beb4441e38db90553"},
    {file = "psutil-7.0.0.tar.gz", hash = "sha256:7be9c3eba38beccb6495ea33afd982a44074b78f28c434a1f51cc07fd315c456"},
]

[package.extras]
dev = ["abi3audit", "black (==24.10.0)", "check-manifest", "coverage", "packaging", "pylint", "pyperf", "pypinfo", "pytest", "pytest-cov", "pytest-xdist", "requests", "rstcheck", "ruff", "setuptools", "sphinx", "sphinx_rtd_theme", "toml-sort", "twine", "virtualenv", "vulture", "wheel"]
test = ["pytest", "pytest-xdist", "setuptools"]

[[package]]
name = "pygments"
version = "2.19.2"
description = "Pygments is a syntax highlighting package written in Python."
optional = false
python-versions = ">=3.8"
groups = ["main"]
files = [
    {file = "pygments-2.19.2-py3-none-any.whl", hash = "sha256:86540386c03d588bb81d44bc3928634ff26449851e99741617ecb9037ee5ec0b"},
    {file = "pygments-2.19.2.tar.gz", hash = "sha256:636cb2477cec7f8952536970bc533bc43743542f70392ae026374600add5b887"},
]

[package.extras]
windows-terminal = ["colorama (>=0.4.6)"]

[[package]]
name = "pyvisa"
version = "1.15.0"
description = "Python VISA bindings for GPIB, RS232, TCPIP and USB instruments"
optional = false
python-versions = ">=3.10"
groups = ["main"]
files = [
    {file = "pyvisa-1.15.0-py3-none-any.whl", hash = "sha256:e3ac8d9e863fbdbbe7e6d4d91401bceb7914d1c4a558a89b2cc755789f1e8309"},
    {file = "pyvisa-1.15.0.tar.gz", hash = "sha256:cec3cb91703a2849f6faa42b1ecd7689a0175baabff8ca33fce9f45934ce45e6"},
]

[package.dependencies]
typing_extensions = ">=4.0.0"

[[package]]
name = "pyvisa-py"
version = "0.8.1"
description = "Pure Python implementation of a VISA library."
optional = false
python-versions = ">=3.10"
groups = ["main"]
files = [
    {file = "pyvisa_py-0.8.1-py3-none-any.whl", hash = "sha256:31208a2933c1793b4e829ba5f07d265b83f280668df440ee7ee6ac505dea4ee9"},
    {file = "pyvisa_py-0.8.1.tar.gz", hash = "sha256:db53d3219d971d16b8f7c764a93e08475875063635b9ad8ea3c988439833ccdd"},
]

[package.dependencies]
pyvisa = ">=1.15.0"
typing_extensions = "*"

[package.extras]
gpib-ctypes = ["gpib-ctypes (>=0.3.0)"]
hislip-discovery = ["zeroconf"]
psutil = ["psutil"]
serial = ["pyserial (>=3.0)"]
usb = ["pyusb"]
usb-full = ["libusb-package", "pyusb"]
vicp = ["pyvicp", "zeroconf"]

[[package]]
name = "rich"
version = "14.1.0"
description = "Render rich text, tables, progress bars, syntax highlighting, markdown and more to the terminal"
optional = false
python-versions = ">=3.8.0"
groups = ["main"]
files = [
    {file = "rich-14.1.0-py3-none-any.whl", hash = "sha256:536f5f1785986d6dbdea3c75205c473f970777b4a0d6c6dd1b696aa05a3fa04f"},
    {file = "rich-14.1.0.tar.gz", hash = "sha256:e497a48b844b0320d45007cdebfeaeed8db2a4f4bcf49f15e455cfc4af11eaa8"},
]

[package.dependencies]
markdown-it-py = ">=2.2.0"
pygments = ">=2.13.0,<3.0.0"

[package.extras]
jupyter = ["ipywidgets (>=7.5.1,<9)"]

[[package]]
name = "shellingham"
version = "1.5.4"
description = "Tool to Detect Surrounding Shell"
optional = false
python-versions = ">=3.7"
groups = ["main"]
files = [
    {file = "shellingham-1.5.4-py2.py3-none-any.whl", hash = "sha256:7ecfff8f2fd72616f7481040475a65b2bf8af90a56c89140852d1120324e8686"},
    {file = "shellingham-1.5.4.tar.gz", hash = "sha256:8dbca0739d487e5bd35ab3ca4b36e11c4078f3a234bfce294b0a0291363404de"},
]

[[package]]
name = "typer"
version = "0.17.4"
description = "Typer, build great CLIs. Easy to code. Based on Python type hints."
optional = false
python-versions = ">=3.7"
groups = ["main"]
files = [
    {file = "typer-0.17.4-py3-none-any.whl", hash = "sha256:015534a6edaa450e7007eba705d5c18c3349dcea50a6ad79a5ed530967575824"},
    {file = "typer-0.17.4.tar.gz", hash = "sha256:b77dc07d849312fd2bb5e7f20a7af8985c7ec360c45b051ed5412f64d8dc1580"},
]

[package.dependencies]
click = ">=8.0.0"
rich = ">=10.11.0"
shellingham = ">=1.3.0"
typing-extensions = ">=3.7.4.3"

[[package]]
name = "typing-extensions"
version = "4.15.0"
description = "Backported and Experimental Type Hints for Python 3.9+"
optional = false
python-versions = ">=3.9"
groups = ["main"]
files = [
    {file = "typing_extensions-4.15.0-py3-none-any.whl", hash = "sha256:f0fa19c6845758ab08074a0cfa8b7aecb71c999ca73d62883bc25cc018c4e548"},
    {file = "typing_extensions-4.15.0.tar.gz", hash = "sha256:0cea48d173cc12fa28ecabc3b837ea3cf6f38c6d1136f85cbaaf598984861466"},
]

[[package]]
name = "zeroconf"
version = "0.147.2"
description = "A pure python implementation of multicast DNS service discovery"
optional = false
python-versions = "<4.0,>=3.9"
groups = ["main"]
files = [
    {file = "zeroconf-0.147.2-cp310-cp310-macosx_10_9_x86_64.whl", hash = "sha256:1398dd9e6f9678c3b47ec16c28531a7dad2ac9c31bbc267ab523f641537ce17c"},
    {file = "zeroconf-0.147.2-cp310-cp310-macosx_11_0_arm64.whl", hash = "sha256:55742f3fa55fb911c7e794888f34304832256106b9b6d969af3230ac60b74e30"},
    {file = "zeroconf-0.147.2-cp310-cp310-manylinux_2_17_aarch64.manylinux2014_aarch64.whl", hash = "sha256:0730fa038822085cb5eb0b4ebb57a106ae8b051aef0745cae79067e5e713d4f5"},
    {file = "zeroconf-0.147.2-cp310-cp310-manylinux_2_17_i686.manylinux_2_5_i686.manylinux1_i686.manylinux2014_i686.whl", hash = "sha256:b51c3d57223ae968f1fa432144eb10eb474fe01efce7a480309e947d72de6d41"},
    {file = "zeroconf-0.147.2-cp310-cp310-manylinux_2_17_x86_64.manylinux2014_x86_64.whl", hash = "sha256:2a6941a1363116fe4416585f50e0b18ab1aa3bcb90854b77577c07a934f57e70"},
    {file = "zeroconf-0.147.2-cp310-cp310-manylinux_2_31_armv7l.manylinux_2_17_armv7l.manylinux2014_armv7l.whl", hash = "sha256:219a6c490251be96def371c4c670812fcb386ed5e36917e0523a4fa5d53fe21a"},
    {file = "zeroconf-0.147.2-cp310-cp310-musllinux_1_2_aarch64.whl", hash = "sha256:889c5d4fcc163c1c8846a0a8fee164c62919db841f6b34dba1dbe55088402237"},
    {file = "zeroconf-0.147.2-cp310-cp310-musllinux_1_2_armv7l.whl", hash = "sha256:572d4734dd9ea28369f0ea6af2b4ee02e97c52bc26a349c11f01aa191b577b1f"},
    {file = "zeroconf-0.147.2-cp310-cp310-musllinux_1_2_i686.whl", hash = "sha256:a2aa19664d71ace60e4a9ca03649bb9e553a08360e7a3a93ed79f7b263e3e7ec"},
    {file = "zeroconf-0.147.2-cp310-cp310-musllinux_1_2_x86_64.whl", hash = "sha256:7e7ec97f017fbb5ad5491fae250aa42216d9087b0ce7286afe2258f40afbf1b0"},
    {file = "zeroconf-0.147.2-cp310-cp310-win32.whl", hash = "sha256:65333ad735cbc7f6f8e0552e2dc85f254fa929da6e179c86ebe413986e4aa42f"},
    {file = "zeroconf-0.147.2-cp310-cp310-win_amd64.whl", hash = "sha256:64780ec808e0914c9de43ba9582ec1318ed18e91da650e1562560775bfe1714e"},
    {file = "zeroconf-0.147.2-cp311-cp311-macosx_10_9_x86_64.whl", hash = "sha256:6fe3f5acb1b5782dd8d4eec3f4f53e70c6f4cc09ca082d61bb9350e14f5cd38b"},
    {file = "zeroconf-0.147.2-cp311-cp311-macosx_11_0_arm64.whl", hash = "sha256:ebe04dbb35b9a7e461823f027eef0970576ace94e3e06222b85b10401d3276ed"},
    {file = "zeroconf-0.147.2-cp311-cp311-manylinux_2_17_aarch64.manylinux2014_aarch64.whl", hash = "sha256:5c3e5dd5db5d3ad02af43c76c0c11005d2dca811083ecfb29554ea744eb87d20"},
    {file = "zeroconf-0.147.2-cp311-cp311-manylinux_2_17_i686.manylinux_2_5_i686.manylinux1_i686.manylinux2014_i686.whl", hash = "sha256:e5a4ab8aab1a2dbb48132c02f009e0ec1648256b1c024b15ab924c5a62b6bd58"},
    {file = "zeroconf-0.147.2-cp311-cp311-manylinux_2_17_x86_64.manylinux2014_x86_64.whl", hash = "sha256:9cf0c804c762f79c8056da421765cfb679ebef52fb35d9d7c01625136a9d0b44"},
    {file = "zeroconf-0.147.2-cp311-cp311-manylinux_2_31_armv7l.manylinux_2_17_armv7l.manylinux2014_armv7l.whl", hash = "sha256:c6259df8104aa1a29a9be9dafd6c4c3a5fd388c1a4cea7f921f70b1cc5ac17b6"},
    {file = "zeroconf-0.147.2-cp311-cp311-musllinux_1_2_aarch64.whl", hash = "sha256:0204a7b163d497c08b38e3e6d15304da7553819f9de4ad87d86ed01b445db140"},
    {file = "zeroconf-0.147.2-cp311-cp311-musllinux_1_2_armv7l.whl", hash = "sha256:62d8898c8fc47f1f951991f7745e50c553618d7e47aa019597c3333eddf24139"},
    {file = "zeroconf-0.147.2-cp311-cp311-musllinux_1_2_i686.whl", hash = "sha256:3a6f64fef18482b2d44fac3e7c95d5fd08a0af47584e71380c652abef68d19db"},
    {file = "zeroconf-0.147.2-cp311-cp311-musllinux_1_2_x86_64.whl", hash = "sha256:66ca484d14bb88885d227f1b2ad32e9ebf9b7e6238bb61e0a6ba241b3b0950c9"},
    {file = "zeroconf-0.147.2-cp311-cp311-win32.whl", hash = "sha256:7960f749bcb534dab9456e2fa849405be7d96328b1135bb85c02ca87a385a455"},
    {file = "zeroconf-0.147.2-cp311-cp311-win_amd64.whl", hash = "sha256:fb1056e9b08104dac93fa6f345c8722a106cc3582a49d7186deae627ae294116"},
    {file = "zeroconf-0.147.2-cp312-cp312-macosx_10_13_x86_64.whl", hash = "sha256:d2bf175fa6226596cdd9a6ec93b2319b1c8e2e735f23a295ac59d192fbb70c68"},
    {file = "zeroconf-0.147.2-cp312-cp312-macosx_11_0_arm64.whl", hash = "sha256:7f6ae2978034bebb48f629fc070e960bb1edee548d171ca5ff30c8a634fde908"},
    {file = "zeroconf-0.147.2-cp312-cp312-manylinux_2_17_aarch64.manylinux2014_aarch64.whl", hash = "sha256:593316ef66ffe4920a8958409757d218d533f856c25028ae6bcea50129fe1da4"},
    {file = "zeroconf-0.147.2-cp312-cp312-manylinux_2_17_i686.manylinux_2_5_i686.manylinux1_i686.manylinux2014_i686.whl", hash = "sha256:0958a0dbe5e84270ab36412cb290e72c87d63b931d260bc2f4a4a35c11729cab"},
    {file = "zeroconf-0.147.2-cp312-cp312-manylinux_2_17_x86_64.manylinux2014_x86_64.whl", hash = "sha256:23ea2fde9091ebc765e936c3f70f31f3053cadd2e7c96bbdabb8c7f58d922170"},
    {file = "zeroconf-0.147.2-cp312-cp312-manylinux_2_31_armv7l.manylinux_2_17_armv7l.manylinux2014_armv7l.whl", hash = "sha256:fa36dd4a1f01acdf1ceee98ebb83df696ce03314908fb7a14292ebe61b25151f"},
    {file = "zeroconf-0.147.2-cp312-cp312-musllinux_1_2_aarch64.whl", hash = "sha256:94a60cffde70d1cb50ff84290ddbfb56cb01093c008ab135c0ad94bcfd877610"},
    {file = "zeroconf-0.147.2-cp312-cp312-musllinux_1_2_armv7l.whl", hash = "sha256:5e0bc1274d8157a21d43705b256b3320b25756dbc25ca017f7ae1fe66877c93f"},
    {file = "zeroconf-0.147.2-cp312-cp312-musllinux_1_2_i686.whl", hash = "sha256:777d71ae5154707175d9d392c7f37a2b810e862228409a0ea38459d4e4efd67a"},
    {file = "zeroconf-0.147.2-cp312-cp312-musllinux_1_2_x86_64.whl", hash = "sha256:58ef18096a566878238bb2190537fdd87949ce324d40540f60f2553fbcea8120"},
    {file = "zeroconf-0.147.2-cp312-cp312-win32.whl", hash = "sha256:ffc2c93167c43bf7e8387c1c860813b26ebf4dfe5c71a68c2ef4911b01a46ae6"},
    {file = "zeroconf-0.147.2-cp312-cp312-win_amd64.whl", hash = "sha256:7a94e0a3814b07bf7e848300166f890eb37d30d5e07030bbd144936674370e41"},
    {file = "zeroconf-0.147.2-cp313-cp313-macosx_10_13_x86_64.whl", hash = "sha256:bb1a057d961f66423fe2f423cfc8a1d3ab854b520ac28e1226c200b916d07a4f"},
    {file = "zeroconf-0.147.2-cp313-cp313-macosx_11_0_arm64.whl", hash = "sha256:d8cca1d4861d3b7c34d209e03e419a87ec96f5048870973b81f89483cf689c0b"},
    {file = "zeroconf-0.147.2-cp313-cp313-manylinux_2_17_aarch64.manylinux2014_aarch64.whl", hash = "sha256:7b7a95526c7185c1f828042d4321c4abe1f7c1781c6e2ed7d69551630ffd950f"},
    {file = "zeroconf-0.147.2-cp313-cp313-manylinux_2_17_i686.manylinux_2_5_i686.manylinux1_i686.manylinux2014_i686.whl", hash = "sha256:01d64386cf21b72659d070792faaa621e9c3dcc3f54361b38ac29afcb5f32ad4"},
    {file = "zeroconf-0.147.2-cp313-cp313-manylinux_2_17_x86_64.manylinux2014_x86_64.whl", hash = "sha256:fbdd3db8e53e8ff7f5f850613a46a22a828e490fbcd769e1acd2a8697aa66c77"},
    {file = "zeroconf-0.147.2-cp313-cp313-manylinux_2_31_armv7l.manylinux_2_17_armv7l.manylinux2014_armv7l.whl", hash = "sha256:de45086232034d079e8b732ab65caf4df338fbc93f9547d9001558d832018296"},
    {file = "zeroconf-0.147.2-cp313-cp313-manylinux_2_36_x86_64.whl", hash = "sha256:45f4279c908b2ccdac5804392e47c728e3c128b4ec49d0945263fbc5829bf891"},
    {file = "zeroconf-0.147.2-cp313-cp313-musllinux_1_2_aarch64.whl", hash = "sha256:915bf241f3bb968dd37447551a114f42384b15e1a1778479fd7d0bf2c9898141"},
    {file = "zeroconf-0.147.2-cp313-cp313-musllinux_1_2_armv7l.whl", hash = "sha256:47acc2d5117240afcb231dc669007ac1c25122094300aa1226143f16cff96406"},
    {file = "zeroconf-0.147.2-cp313-cp313-musllinux_1_2_i686.whl", hash = "sha256:5bcf519c047a37c48684fdc8e2b5560be696ec1fbbc0099809fd9b36a6d4d2d4"},
    {file = "zeroconf-0.147.2-cp313-cp313-musllinux_1_2_x86_64.whl", hash = "sha256:5b0ab523d7be5bebf58aeada1ca7f5ae41c1ebbe69da8435bbf2c2581b4fb3ac"},
    {file = "zeroconf-0.147.2-cp313-cp313-win32.whl", hash = "sha256:de22c0306b35ef0ee23f4deaa9204f0ffc3600125c63cc277fc5a52b7021aaf6"},
    {file = "zeroconf-0.147.2-cp313-cp313-win_amd64.whl", hash = "sha256:c30a551d9a1df428ecce7816659314470f2bf36957a15905ff40560595bf61e9"},
    {file = "zeroconf-0.147.2-cp39-cp39-macosx_10_9_x86_64.whl", hash = "sha256:433644d43d7670c8eaa0629dd936c8fff0394e5a4bd254d7ea82b61660a61289"},
    {file = "zeroconf-0.147.2-cp39-cp39-macosx_11_0_arm64.whl", hash = "sha256:692b20f8e71c4f1bc8fa809abe98930fc61c26ab9a8a278276ea3a437ba0e627"},
    {file = "zeroconf-0.147.2-cp39-cp39-manylinux_2_17_aarch64.manylinux2014_aarch64.whl", hash = "sha256:ec7bba114f16c7dd56a6f9832870651fc1596729c46ec1f3c6e748cfded67924"},
    {file = "zeroconf-0.147.2-cp39-cp39-manylinux_2_17_i686.manylinux_2_5_i686.manylinux1_i686.manylinux2014_i686.whl", hash = "sha256:8cd4750b6b52fc5a4e5c6c3fe8a6d13b6c4b95adb9875e79d86b2670ccd97747"},
    {file = "zeroconf-0.147.2-cp39-cp39-manylinux_2_17_x86_64.manylinux2014_x86_64.whl", hash = "sha256:cc27e35a88f50ef99c3d2bbd8dd08a6d0bef74671cbd0e30c69c45967e86b60a"},
    {file = "zeroconf-0.147.2-cp39-cp39-manylinux_2_31_armv7l.manylinux_2_17_armv7l.manylinux2014_armv7l.whl", hash = "sha256:30d4f0076cfe827eb2dd56b17f5b0f51853944d49656fd59dce3a18245bc9c70"},
    {file = "zeroconf-0.147.2-cp39-cp39-musllinux_1_2_aarch64.whl", hash = "sha256:c1733630d89268c581d871273dec431c00b6812c58d0bed7f8d3f945cc67224e"},
    {file = "zeroconf-0.147.2-cp39-cp39-musllinux_1_2_armv7l.whl", hash = "sha256:343ca854c9e373f14307f52dece3eb7c1949bb7f77bfd58db823edd88e151b52"},
    {file = "zeroconf-0.147.2-cp39-cp39-musllinux_1_2_i686.whl", hash = "sha256:7718242ee758cfd8d94089d17871de9cbc7ffa651fcc5d779e622df6c9bfc4a5"},
    {file = "zeroconf-0.147.2-cp39-cp39-musllinux_1_2_x86_64.whl", hash = "sha256:a4b876d33502e96b7753ba9db6e0cf4f6c76edace2c459a0e9331a9d22cc0d73"},
    {file = "zeroconf-0.147.2-cp39-cp39-win32.whl", hash = "sha256:6a92a5a89c2be9ca496601affca705ba554d43db8bddc4dd630ff246328b3639"},
    {file = "zeroconf-0.147.2-cp39-cp39-win_amd64.whl", hash = "sha256:13dec57abf78dc618e73c0b8ef85619bb2a551eb08cbb9f156e3f3424a614d78"},
    {file = "zeroconf-0.147.2-pp310-pypy310_pp73-macosx_10_15_x86_64.whl", hash = "sha256:5fc666a8f76241b04beae6e3230dc45a76fa2edb33b525d456eabd92b1a08b08"},
    {file = "zeroconf-0.147.2-pp310-pypy310_pp73-macosx_11_0_arm64.whl", hash = "sha256:4e47bf618bf8dd3b45f0ae5c2f4f67e9769210e8c786760f3eef3eff21a6394a"},
    {file = "zeroconf-0.147.2-pp310-pypy310_pp73-manylinux_2_17_aarch64.manylinux2014_aarch64.whl", hash = "sha256:6a4d412e553b4adc650431dd0912f423b1e59780cf97429170c0cb431cfde347"},
    {file = "zeroconf-0.147.2-pp310-pypy310_pp73-manylinux_2_17_i686.manylinux_2_5_i686.manylinux1_i686.manylinux2014_i686.whl", hash = "sha256:635ddcf238db00d92dd2aace77a1d852ce12152de06bdbde61767472cf45f93a"},
    {file = "zeroconf-0.147.2-pp310-pypy310_pp73-manylinux_2_17_x86_64.manylinux2014_x86_64.whl", hash = "sha256:a7ae899017781fbe0b30adef14ae97e27bdec6fe69603117dc45925a84ec5c23"},
    {file = "zeroconf-0.147.2-pp310-pypy310_pp73-win_amd64.whl", hash = "sha256:e5ecdeb37f1a298c1ae6b4a6c2bd882bf29286cabe7d03de3e9b5a4487accefc"},
    {file = "zeroconf-0.147.2-pp311-pypy311_pp73-macosx_10_15_x86_64.whl", hash = "sha256:3937ba05211bcbd3f45dca553a0c66a19f31f3626c9219a422b37a29b19c62b5"},
    {file = "zeroconf-0.147.2-pp311-pypy311_pp73-macosx_11_0_arm64.whl", hash = "sha256:b95d0dd3ec85c6f1db4b5417eb39b9d25a14bb67bb8b95a053d2fb63d842872b"},
    {file = "zeroconf-0.147.2-pp311-pypy311_pp73-manylinux_2_17_aarch64.manylinux2014_aarch64.whl", hash = "sha256:58228730194c5b43f6d3a020071a980143adfb9f083bf6e1a526375b612281a4"},
    {file = "zeroconf-0.147.2-pp311-pypy311_pp73-manylinux_2_17_i686.manylinux_2_5_i686.manylinux1_i686.manylinux2014_i686.whl", hash = "sha256:ed488fe2ae27438266f658630e2491a1b08462532ff69090f37095cf8002c002"},
    {file = "zeroconf-0.147.2-pp311-pypy311_pp73-manylinux_2_17_x86_64.manylinux2014_x86_64.whl", hash = "sha256:2d7619dc33b04e2ce1349b9e4194e3b98264bbbb57d138bcad977aced06eb3db"},
    {file = "zeroconf-0.147.2-pp311-pypy311_pp73-win_amd64.whl", hash = "sha256:3b6348049ed7ac4f67341cb23ae4d2bfcfc5f02d585aa251e1cd5b9151af0699"},
    {file = "zeroconf-0.147.2-pp39-pypy39_pp73-macosx_10_15_x86_64.whl", hash = "sha256:3e77542e065cc7f78ce5aa1573a46ea1586b3dda7c14cd3d4d1fd1dc37f28feb"},
    {file = "zeroconf-0.147.2-pp39-pypy39_pp73-macosx_11_0_arm64.whl", hash = "sha256:062954d1b4ade17d708738aa4712f618a1094ecbac137db2c98d0569f8d003b6"},
    {file = "zeroconf-0.147.2-pp39-pypy39_pp73-manylinux_2_17_aarch64.manylinux2014_aarch64.whl", hash = "sha256:5955a47298de8271d5409d0c99648f44a45f45d292109ef253763065e9b953c6"},
    {file = "zeroconf-0.147.2-pp39-pypy39_pp73-manylinux_2_17_i686.manylinux_2_5_i686.manylinux1_i686.manylinux2014_i686.whl", hash = "sha256:dd3d38873d2447cbf4c0c440c1add806ebeaab6df926df87822823cb07a5b641"},
    {file = "zeroconf-0.147.2-pp39-pypy39_pp73-manylinux_2_17_x86_64.manylinux2014_x86_64.whl", hash = "sha256:f715f43626bfbed6bdbcbcfce9217f66ae31f1b3db703fadf6e98a87636c52c8"},
    {file = "zeroconf-0.147.2-pp39-pypy39_pp73-win_amd64.whl", hash = "sha256:3198034f952ecf6e56856312a0204b69e87c41966264cb9c6cdc75d4dc238ec4"},
    {file = "zeroconf-0.147.2.tar.gz", hash = "sha256:2f91e2544433acfa928c8dbaea7af8bf0644e06904610799d6b762fd599d81bd"},
]

[package.dependencies]
ifaddr = ">=0.1.7"

[metadata]
lock-version = "2.1"
python-versions = "=3.12.11"
content-hash = "1eaf4eb2a905c366044dbfb806e4912530fb6a52b78572ec0d51b50a6688bb94"
